
Microsoft Visual Studio Solution File, Format Version 12.00
# Visual Studio Version 16
VisualStudioVersion = 16.0.33801.447
MinimumVisualStudioVersion = 10.0.40219.1
Project("{8BC9CEB8-8B4A-11D0-8D11-00A0C91BC942}") = "m_macrosbebra", "m_macrosbebra.vcxproj", "{6CC8E8C5-AA06-4AAD-88D3-09FB6C79F40E}"
EndProject
Global
	GlobalSection(SolutionConfigurationPlatforms) = preSolution
		Debug|x64 = Debug|x64
		Debug|x86 = Debug|x86
		Release|x64 = Release|x64
		Release|x86 = Release|x86
	EndGlobalSection
	GlobalSection(ProjectConfigurationPlatforms) = postSolution
		{6CC8E8C5-AA06-4AAD-88D3-09FB6C79F40E}.Debug|x64.ActiveCfg = Debug|x64
		{6CC8E8C5-AA06-4AAD-88D3-09FB6C79F40E}.Debug|x64.Build.0 = Debug|x64
		{6CC8E8C5-AA06-4AAD-88D3-09FB6C79F40E}.Debug|x86.ActiveCfg = Debug|Win32
		{6CC8E8C5-AA06-4AAD-88D3-09FB6C79F40E}.Debug|x86.Build.0 = Debug|Win32
		{6CC8E8C5-AA06-4AAD-88D3-09FB6C79F40E}.Release|x64.ActiveCfg = Release|x64
		{6CC8E8C5-AA06-4AAD-88D3-09FB6C79F40E}.Release|x64.Build.0 = Release|x64
		{6CC8E8C5-AA06-4AAD-88D3-09FB6C79F40E}.Release|x86.ActiveCfg = Release|Win32
		{6CC8E8C5-AA06-4AAD-88D3-09FB6C79F40E}.Release|x86.Build.0 = Release|Win32
	EndGlobalSection
	GlobalSection(SolutionProperties) = preSolution
		HideSolutionNode = FALSE
	EndGlobalSection
	GlobalSection(ExtensibilityGlobals) = postSolution
		SolutionGuid = {BE70C6BB-8DA0-4CC0-8438-8272A58E27E3}
	EndGlobalSection
EndGlobal
